{
  "version": 4,
  "terraform_version": "1.13.0",
  "serial": 6,
  "lineage": "a0ebdb38-e9b0-a24e-c806-61d0dbfceb1b",
  "outputs": {
    "backend_config": {
      "value": {
        "bucket": "440546694357-secure-k8s-flask-poc-terraform-state",
        "dynamodb_table": "440546694357-secure-k8s-flask-poc-terraform-state-lock",
        "encrypt": true,
        "region": "eu-west-2"
      },
      "type": [
        "object",
        {
          "bucket": "string",
          "dynamodb_table": "string",
          "encrypt": "bool",
          "region": "string"
        }
      ]
    },
    "dynamodb_table_name": {
      "value": "440546694357-secure-k8s-flask-poc-terraform-state-lock",
      "type": "string"
    },
    "s3_bucket_name": {
      "value": "440546694357-secure-k8s-flask-poc-terraform-state",
      "type": "string"
    }
  },
  "resources": [
    {
      "module": "module.remote_state",
      "mode": "data",
      "type": "aws_caller_identity",
      "name": "current",
      "provider": "provider[\"registry.terraform.io/hashicorp/aws\"]",
      "instances": [
        {
          "schema_version": 0,
          "attributes": {
            "account_id": "440546694357",
            "arn": "arn:aws:iam::440546694357:user/iac-user",
            "id": "440546694357",
            "user_id": "AIDAWNEVBCTK7TBF7DUPF"
          },
          "sensitive_attributes": [],
          "identity_schema_version": 0
        }
      ]
    },
    {
      "module": "module.remote_state",
      "mode": "managed",
      "type": "aws_dynamodb_table",
      "name": "terraform_state_lock",
      "provider": "provider[\"registry.terraform.io/hashicorp/aws\"]",
      "instances": [
        {
          "schema_version": 1,
          "attributes": {
            "arn": "arn:aws:dynamodb:eu-west-2:440546694357:table/440546694357-secure-k8s-flask-poc-terraform-state-lock",
            "attribute": [
              {
                "name": "LockID",
                "type": "S"
              }
            ],
            "billing_mode": "PAY_PER_REQUEST",
            "deletion_protection_enabled": false,
            "global_secondary_index": [],
            "hash_key": "LockID",
            "id": "440546694357-secure-k8s-flask-poc-terraform-state-lock",
            "import_table": [],
            "local_secondary_index": [],
            "name": "440546694357-secure-k8s-flask-poc-terraform-state-lock",
            "on_demand_throughput": [],
            "point_in_time_recovery": [
              {
                "enabled": false,
                "recovery_period_in_days": 0
              }
            ],
            "range_key": null,
            "read_capacity": 0,
            "replica": [],
            "restore_date_time": null,
            "restore_source_name": null,
            "restore_source_table_arn": null,
            "restore_to_latest_time": null,
            "server_side_encryption": [],
            "stream_arn": "",
            "stream_enabled": false,
            "stream_label": "",
            "stream_view_type": "",
            "table_class": "STANDARD",
            "tags": {
              "Environment": "bootstrap",
              "Name": "terraform-state-lock"
            },
            "tags_all": {
              "Environment": "bootstrap",
              "Name": "terraform-state-lock",
              "Project": "secure-k8s-flask-poc",
              "Repository": "https://github.com/anhussain90/secure-k8s-flask-poc"
            },
            "timeouts": null,
            "ttl": [
              {
                "attribute_name": "",
                "enabled": false
              }
            ],
            "write_capacity": 0
          },
          "sensitive_attributes": [],
          "identity_schema_version": 0,
          "private": "eyJlMmJmYjczMC1lY2FhLTExZTYtOGY4OC0zNDM2M2JjN2M0YzAiOnsiY3JlYXRlIjoxODAwMDAwMDAwMDAwLCJkZWxldGUiOjYwMDAwMDAwMDAwMCwidXBkYXRlIjozNjAwMDAwMDAwMDAwfSwic2NoZW1hX3ZlcnNpb24iOiIxIn0=",
          "dependencies": [
            "module.remote_state.data.aws_caller_identity.current"
          ]
        }
      ]
    },
    {
      "module": "module.remote_state",
      "mode": "managed",
      "type": "aws_s3_bucket",
      "name": "terraform_state",
      "provider": "provider[\"registry.terraform.io/hashicorp/aws\"]",
      "instances": [
        {
          "schema_version": 0,
          "attributes": {
            "acceleration_status": "",
            "acl": null,
            "arn": "arn:aws:s3:::440546694357-secure-k8s-flask-poc-terraform-state",
            "bucket": "440546694357-secure-k8s-flask-poc-terraform-state",
            "bucket_domain_name": "440546694357-secure-k8s-flask-poc-terraform-state.s3.amazonaws.com",
            "bucket_prefix": "",
            "bucket_regional_domain_name": "440546694357-secure-k8s-flask-poc-terraform-state.s3.eu-west-2.amazonaws.com",
            "cors_rule": [],
            "force_destroy": false,
            "grant": [
              {
                "id": "f55825b0f6a780aa5485ae5900301e28e271ff9b02b8a14d96e0d8c2d787b383",
                "permissions": [
                  "FULL_CONTROL"
                ],
                "type": "CanonicalUser",
                "uri": ""
              }
            ],
            "hosted_zone_id": "Z3GKZC51ZF0DB4",
            "id": "440546694357-secure-k8s-flask-poc-terraform-state",
            "lifecycle_rule": [],
            "logging": [],
            "object_lock_configuration": [],
            "object_lock_enabled": false,
            "policy": "",
            "region": "eu-west-2",
            "replication_configuration": [],
            "request_payer": "BucketOwner",
            "server_side_encryption_configuration": [
              {
                "rule": [
                  {
                    "apply_server_side_encryption_by_default": [
                      {
                        "kms_master_key_id": "",
                        "sse_algorithm": "AES256"
                      }
                    ],
                    "bucket_key_enabled": false
                  }
                ]
              }
            ],
            "tags": {
              "Environment": "bootstrap",
              "Name": "terraform-state"
            },
            "tags_all": {
              "Environment": "bootstrap",
              "Name": "terraform-state",
              "Project": "secure-k8s-flask-poc",
              "Repository": "https://github.com/anhussain90/secure-k8s-flask-poc"
            },
            "timeouts": null,
            "versioning": [
              {
                "enabled": false,
                "mfa_delete": false
              }
            ],
            "website": [],
            "website_domain": null,
            "website_endpoint": null
          },
          "sensitive_attributes": [],
          "identity_schema_version": 0,
          "private": "eyJlMmJmYjczMC1lY2FhLTExZTYtOGY4OC0zNDM2M2JjN2M0YzAiOnsiY3JlYXRlIjoxMjAwMDAwMDAwMDAwLCJkZWxldGUiOjM2MDAwMDAwMDAwMDAsInJlYWQiOjEyMDAwMDAwMDAwMDAsInVwZGF0ZSI6MTIwMDAwMDAwMDAwMH19",
          "dependencies": [
            "module.remote_state.data.aws_caller_identity.current"
          ]
        }
      ]
    },
    {
      "module": "module.remote_state",
      "mode": "managed",
      "type": "aws_s3_bucket_public_access_block",
      "name": "terraform_state",
      "provider": "provider[\"registry.terraform.io/hashicorp/aws\"]",
      "instances": [
        {
          "schema_version": 0,
          "attributes": {
            "block_public_acls": true,
            "block_public_policy": true,
            "bucket": "440546694357-secure-k8s-flask-poc-terraform-state",
            "id": "440546694357-secure-k8s-flask-poc-terraform-state",
            "ignore_public_acls": true,
            "restrict_public_buckets": true
          },
          "sensitive_attributes": [],
          "identity_schema_version": 0,
          "private": "bnVsbA==",
          "dependencies": [
            "module.remote_state.aws_s3_bucket.terraform_state",
            "module.remote_state.data.aws_caller_identity.current"
          ]
        }
      ]
    },
    {
      "module": "module.remote_state",
      "mode": "managed",
      "type": "aws_s3_bucket_server_side_encryption_configuration",
      "name": "terraform_state",
      "provider": "provider[\"registry.terraform.io/hashicorp/aws\"]",
      "instances": [
        {
          "schema_version": 0,
          "attributes": {
            "bucket": "440546694357-secure-k8s-flask-poc-terraform-state",
            "expected_bucket_owner": "",
            "id": "440546694357-secure-k8s-flask-poc-terraform-state",
            "rule": [
              {
                "apply_server_side_encryption_by_default": [
                  {
                    "kms_master_key_id": "",
                    "sse_algorithm": "AES256"
                  }
                ],
                "bucket_key_enabled": null
              }
            ]
          },
          "sensitive_attributes": [],
          "identity_schema_version": 0,
          "private": "bnVsbA==",
          "dependencies": [
            "module.remote_state.aws_s3_bucket.terraform_state",
            "module.remote_state.data.aws_caller_identity.current"
          ]
        }
      ]
    },
    {
      "module": "module.remote_state",
      "mode": "managed",
      "type": "aws_s3_bucket_versioning",
      "name": "terraform_state",
      "provider": "provider[\"registry.terraform.io/hashicorp/aws\"]",
      "instances": [
        {
          "schema_version": 0,
          "attributes": {
            "bucket": "440546694357-secure-k8s-flask-poc-terraform-state",
            "expected_bucket_owner": "",
            "id": "440546694357-secure-k8s-flask-poc-terraform-state",
            "mfa": null,
            "versioning_configuration": [
              {
                "mfa_delete": "",
                "status": "Enabled"
              }
            ]
          },
          "sensitive_attributes": [],
          "identity_schema_version": 0,
          "private": "bnVsbA==",
          "dependencies": [
            "module.remote_state.aws_s3_bucket.terraform_state",
            "module.remote_state.data.aws_caller_identity.current"
          ]
        }
      ]
    }
  ],
  "check_results": null
}
